{
    "_readme": [
        "This file locks the dependencies of your project to a known state",
        "Read more about it at https://getcomposer.org/doc/01-basic-usage.md#composer-lock-the-lock-file",
        "This file is @generated automatically"
    ],
    "content-hash": "cbffbe44356d6709d78dbf8d9e6a6bdc",
    "packages": [
        {
            "name": "predis/predis",
            "version": "v1.1.x-dev",
            "source": {
                "type": "git",
                "url": "https://github.com/nrk/predis.git",
                "reference": "98ec0cc27efc1efab32b369962f97e29ecc0464a"
            },
            "dist": {
                "type": "zip",
                "url": "https://api.github.com/repos/nrk/predis/zipball/98ec0cc27efc1efab32b369962f97e29ecc0464a",
                "reference": "98ec0cc27efc1efab32b369962f97e29ecc0464a",
                "shasum": ""
            },
            "require": {
                "php": ">=5.3.9"
            },
            "require-dev": {
                "phpunit/phpunit": "~4.8"
            },
            "suggest": {
                "ext-curl": "Allows access to Webdis when paired with phpiredis",
                "ext-phpiredis": "Allows faster serialization and deserialization of the Redis protocol"
            },
            "type": "library",
            "autoload": {
                "psr-4": {
                    "Predis\\": "src/"
                }
            },
            "notification-url": "https://packagist.org/downloads/",
            "license": [
                "MIT"
            ],
            "authors": [
                {
                    "name": "Daniele Alessandri",
                    "email": "suppakilla@gmail.com",
                    "homepage": "http://clorophilla.net"
                }
            ],
            "description": "Flexible and feature-complete Redis client for PHP and HHVM",
            "homepage": "http://github.com/nrk/predis",
            "keywords": [
                "nosql",
                "predis",
                "redis"
            ],
            "time": "2016-11-22 14:32:30"
        },
        {
            "name": "splitice/radical-basic",
            "version": "dev-master",
            "source": {
                "type": "git",
                "url": "https://github.com/splitice/radical-basic.git",
                "reference": "9dbd9212772f1168491413779a945baf3380482b"
            },
            "dist": {
                "type": "zip",
                "url": "https://api.github.com/repos/splitice/radical-basic/zipball/9dbd9212772f1168491413779a945baf3380482b",
                "reference": "9dbd9212772f1168491413779a945baf3380482b",
                "shasum": ""
            },
            "require": {
                "php": ">=5.4",
                "splitice/radical-common": "*"
            },
            "type": "library",
            "autoload": {
                "psr-0": {
                    "Radical": "src"
                }
            },
            "notification-url": "https://packagist.org/downloads/",
            "license": [
                "BSD"
            ],
            "description": "Basic radical-php functionality",
            "keywords": [
                "radical-php"
            ],
            "time": "2014-09-29 08:16:17"
        },
        {
            "name": "splitice/radical-cli",
            "version": "dev-master",
            "source": {
                "type": "git",
                "url": "https://github.com/splitice/radical-cli.git",
                "reference": "f0d243ecd51532f8f7bf6f908f969bc07a857c52"
            },
            "dist": {
                "type": "zip",
                "url": "https://api.github.com/repos/splitice/radical-cli/zipball/f0d243ecd51532f8f7bf6f908f969bc07a857c52",
                "reference": "f0d243ecd51532f8f7bf6f908f969bc07a857c52",
                "shasum": ""
            },
            "require": {
                "php": ">=5.4",
                "splitice/radical-basic": "dev-master",
                "splitice/radical-common": "dev-master"
            },
            "type": "library",
            "autoload": {
                "psr-0": {
                    "Radical": "src"
                }
            },
            "notification-url": "https://packagist.org/downloads/",
            "keywords": [
                "radical-php"
            ],
            "time": "2015-06-19 10:07:02"
        },
        {
            "name": "splitice/radical-common",
            "version": "dev-master",
            "source": {
                "type": "git",
                "url": "https://github.com/splitice/radical-common.git",
                "reference": "6a3ddba52c0c0272103567a724fe864c0c9f1386"
            },
            "dist": {
                "type": "zip",
                "url": "https://api.github.com/repos/splitice/radical-common/zipball/6a3ddba52c0c0272103567a724fe864c0c9f1386",
                "reference": "6a3ddba52c0c0272103567a724fe864c0c9f1386",
                "shasum": ""
            },
            "require": {
                "php": ">=5.4",
                "symfony/filesystem": "2.4.0"
            },
            "type": "library",
            "autoload": {
                "psr-0": {
                    "Radical": "src"
                }
            },
            "notification-url": "https://packagist.org/downloads/",
            "description": "radical-common",
            "keywords": [
                "radical-php"
            ],
            "time": "2016-08-11 03:59:54"
        },
        {
            "name": "splitice/radical-errorhandling",
            "version": "dev-master",
            "source": {
                "type": "git",
                "url": "https://github.com/splitice/radical-errorhandling.git",
                "reference": "7235d19565dfe56c61ce39934d23c5ab6f0f046f"
            },
            "dist": {
                "type": "zip",
                "url": "https://api.github.com/repos/splitice/radical-errorhandling/zipball/7235d19565dfe56c61ce39934d23c5ab6f0f046f",
                "reference": "7235d19565dfe56c61ce39934d23c5ab6f0f046f",
                "shasum": ""
            },
            "require": {
                "php": ">=5.4",
                "splitice/radical-common": "*"
            },
            "type": "library",
            "autoload": {
                "psr-0": {
                    "Radical": "src"
                }
            },
            "notification-url": "https://packagist.org/downloads/",
            "license": [
                "BSD"
            ],
            "description": "Error Handling for the Radical-PHP framework",
            "keywords": [
                "radical-php"
            ],
            "time": "2016-12-29 10:50:46"
        },
        {
            "name": "splitice/radical-file",
            "version": "dev-master",
            "source": {
                "type": "git",
                "url": "https://github.com/splitice/radical-file.git",
                "reference": "39d1fe3bccfaea2505a7dc9113c101802ba3b748"
            },
            "dist": {
                "type": "zip",
                "url": "https://api.github.com/repos/splitice/radical-file/zipball/39d1fe3bccfaea2505a7dc9113c101802ba3b748",
                "reference": "39d1fe3bccfaea2505a7dc9113c101802ba3b748",
                "shasum": ""
            },
            "require": {
                "php": ">=5.4",
                "splitice/radical-common": "dev-master"
            },
            "type": "library",
            "autoload": {
                "psr-0": {
                    "Radical": "src"
                }
            },
            "notification-url": "https://packagist.org/downloads/",
            "description": "radical-php",
            "keywords": [
                "radical-php"
            ],
            "time": "2014-04-21 02:42:34"
        },
        {
            "name": "splitice/radical-html",
            "version": "dev-master",
            "source": {
                "type": "git",
                "url": "https://github.com/splitice/radical-html.git",
                "reference": "2b19d73397a1738933fb8eaa2c8663ae9eab59d3"
            },
            "dist": {
                "type": "zip",
                "url": "https://api.github.com/repos/splitice/radical-html/zipball/2b19d73397a1738933fb8eaa2c8663ae9eab59d3",
                "reference": "2b19d73397a1738933fb8eaa2c8663ae9eab59d3",
                "shasum": ""
            },
            "require": {
                "php": ">=5.4"
            },
            "type": "library",
            "autoload": {
                "psr-0": {
                    "Radical": "src"
                }
            },
            "notification-url": "https://packagist.org/downloads/",
            "description": "radical-html",
            "keywords": [
                "radical-php"
            ],
            "time": "2014-04-19 02:59:54"
        },
        {
            "name": "splitice/radical-net",
            "version": "dev-master",
            "source": {
                "type": "git",
                "url": "https://github.com/splitice/radical-net.git",
                "reference": "e75d9b82a33cd2d55d78e548aa99afe88e448aa3"
            },
            "dist": {
                "type": "zip",
                "url": "https://api.github.com/repos/splitice/radical-net/zipball/e75d9b82a33cd2d55d78e548aa99afe88e448aa3",
                "reference": "e75d9b82a33cd2d55d78e548aa99afe88e448aa3",
                "shasum": ""
            },
            "require": {
                "php": ">=5.4",
                "splitice/radical-basic": "dev-master",
                "splitice/radical-common": "dev-master"
            },
            "type": "library",
            "autoload": {
                "psr-0": {
                    "Radical": "src"
                }
            },
            "notification-url": "https://packagist.org/downloads/",
            "description": "radical-net",
            "keywords": [
                "radical-php"
            ],
            "time": "2016-12-29 10:51:14"
        },
        {
            "name": "splitice/radical-web",
            "version": "dev-master",
            "source": {
                "type": "git",
                "url": "https://github.com/splitice/radical-web.git",
                "reference": "f7aa4cb42718f9445ce83b9897287737cb4c5e2d"
            },
            "dist": {
                "type": "zip",
                "url": "https://api.github.com/repos/splitice/radical-web/zipball/f7aa4cb42718f9445ce83b9897287737cb4c5e2d",
                "reference": "f7aa4cb42718f9445ce83b9897287737cb4c5e2d",
                "shasum": ""
            },
            "require": {
                "php": ">=5.4",
                "splitice/radical-basic": "dev-master",
                "splitice/radical-common": "dev-master",
                "splitice/radical-errorhandling": "dev-master",
                "splitice/radical-file": "dev-master",
                "splitice/radical-html": "dev-master",
                "splitice/radical-net": "dev-master"
            },
            "type": "library",
            "autoload": {
                "psr-0": {
                    "Radical": "src"
                }
            },
            "notification-url": "https://packagist.org/downloads/",
            "description": "radical-web",
            "keywords": [
                "radical-php"
            ],
            "time": "2016-12-29 10:52:09"
        },
        {
            "name": "splitice/resource-factory",
            "version": "dev-master",
            "source": {
                "type": "git",
                "url": "https://github.com/splitice/php-resource-factory.git",
                "reference": "a5484f82fb5207f486381813d8ea5738dbdfc85c"
            },
            "dist": {
                "type": "zip",
                "url": "https://api.github.com/repos/splitice/php-resource-factory/zipball/a5484f82fb5207f486381813d8ea5738dbdfc85c",
                "reference": "a5484f82fb5207f486381813d8ea5738dbdfc85c",
                "shasum": ""
            },
            "require": {
                "php": ">=5.4"
            },
            "require-dev": {
                "phpunit/phpunit": "3.7.*"
            },
            "type": "library",
            "autoload": {
                "psr-0": {
                    "Splitice": "src"
                }
            },
            "notification-url": "https://packagist.org/downloads/",
            "license": [
                "MIT"
            ],
            "keywords": [
                "private"
            ],
            "time": "2015-07-28 10:09:29"
        },
        {
            "name": "symfony/filesystem",
            "version": "v2.4.0",
            "target-dir": "Symfony/Component/Filesystem",
            "source": {
                "type": "git",
                "url": "https://github.com/symfony/filesystem.git",
                "reference": "79acd777762e81d0f3414ca25a602deeeb48240d"
            },
            "dist": {
                "type": "zip",
                "url": "https://api.github.com/repos/symfony/filesystem/zipball/79acd777762e81d0f3414ca25a602deeeb48240d",
                "reference": "79acd777762e81d0f3414ca25a602deeeb48240d",
                "shasum": ""
            },
            "require": {
                "php": ">=5.3.3"
            },
            "type": "library",
            "extra": {
                "branch-alias": {
                    "dev-master": "2.4-dev"
                }
            },
            "autoload": {
                "psr-0": {
                    "Symfony\\Component\\Filesystem\\": ""
                }
            },
            "notification-url": "https://packagist.org/downloads/",
            "license": [
                "MIT"
            ],
            "authors": [
                {
                    "name": "Symfony Community",
                    "homepage": "http://symfony.com/contributors"
                },
                {
                    "name": "Fabien Potencier",
                    "email": "fabien@symfony.com"
                }
            ],
            "description": "Symfony Filesystem Component",
            "homepage": "http://symfony.com",
            "time": "2013-11-16T15:13:54+00:00"
        }
    ],
    "packages-dev": [],
    "aliases": [],
    "minimum-stability": "dev",
    "stability-flags": {
        "splitice/radical-web": 20,
        "splitice/radical-cli": 20,
        "splitice/resource-factory": 20
    },
    "prefer-stable": false,
    "prefer-lowest": false,
    "platform": {
        "php": ">=5.4"
    },
    "platform-dev": []
}
